// !$*UTF8*$!
{
	archiveVersion = 1;
	classes = {
	};
	objectVersion = 50;
	objects = {

/* Begin PBXBuildFile section */
		C503C8E3248D252500A00FFB /* WatchOs-Test1 WatchKit App.app in Embed Watch Content */ = {isa = PBXBuildFile; fileRef = C503C8E2248D252500A00FFB /* WatchOs-Test1 WatchKit App.app */; settings = {ATTRIBUTES = (RemoveHeadersOnCopy, ); }; };
		C503C8E9248D252500A00FFB /* Interface.storyboard in Resources */ = {isa = PBXBuildFile; fileRef = C503C8E7248D252500A00FFB /* Interface.storyboard */; };
		C503C8EB248D252600A00FFB /* Assets.xcassets in Resources */ = {isa = PBXBuildFile; fileRef = C503C8EA248D252600A00FFB /* Assets.xcassets */; };
		C503C8F2248D252600A00FFB /* WatchOs-Test1 WatchKit Extension.appex in Embed App Extensions */ = {isa = PBXBuildFile; fileRef = C503C8F1248D252600A00FFB /* WatchOs-Test1 WatchKit Extension.appex */; settings = {ATTRIBUTES = (RemoveHeadersOnCopy, ); }; };
		C503C8F7248D252600A00FFB /* ContentView.swift in Sources */ = {isa = PBXBuildFile; fileRef = C503C8F6248D252600A00FFB /* ContentView.swift */; };
		C503C8F9248D252600A00FFB /* HostingController.swift in Sources */ = {isa = PBXBuildFile; fileRef = C503C8F8248D252600A00FFB /* HostingController.swift */; };
		C503C8FB248D252600A00FFB /* ExtensionDelegate.swift in Sources */ = {isa = PBXBuildFile; fileRef = C503C8FA248D252600A00FFB /* ExtensionDelegate.swift */; };
		C503C8FD248D252600A00FFB /* NotificationController.swift in Sources */ = {isa = PBXBuildFile; fileRef = C503C8FC248D252600A00FFB /* NotificationController.swift */; };
		C503C8FF248D252600A00FFB /* NotificationView.swift in Sources */ = {isa = PBXBuildFile; fileRef = C503C8FE248D252600A00FFB /* NotificationView.swift */; };
		C503C901248D252600A00FFB /* Assets.xcassets in Resources */ = {isa = PBXBuildFile; fileRef = C503C900248D252600A00FFB /* Assets.xcassets */; };
		C503C904248D252600A00FFB /* Preview Assets.xcassets in Resources */ = {isa = PBXBuildFile; fileRef = C503C903248D252600A00FFB /* Preview Assets.xcassets */; };
/* End PBXBuildFile section */

/* Begin PBXContainerItemProxy section */
		C503C8E4248D252500A00FFB /* PBXContainerItemProxy */ = {
			isa = PBXContainerItemProxy;
			containerPortal = C503C8D8248D252500A00FFB /* Project object */;
			proxyType = 1;
			remoteGlobalIDString = C503C8E1248D252500A00FFB;
			remoteInfo = "WatchOs-Test1 WatchKit App";
		};
		C503C8F3248D252600A00FFB /* PBXContainerItemProxy */ = {
			isa = PBXContainerItemProxy;
			containerPortal = C503C8D8248D252500A00FFB /* Project object */;
			proxyType = 1;
			remoteGlobalIDString = C503C8F0248D252600A00FFB;
			remoteInfo = "WatchOs-Test1 WatchKit Extension";
		};
/* End PBXContainerItemProxy section */

/* Begin PBXCopyFilesBuildPhase section */
		C503C90C248D252600A00FFB /* Embed App Extensions */ = {
			isa = PBXCopyFilesBuildPhase;
			buildActionMask = 2147483647;
			dstPath = "";
			dstSubfolderSpec = 13;
			files = (
				C503C8F2248D252600A00FFB /* WatchOs-Test1 WatchKit Extension.appex in Embed App Extensions */,
			);
			name = "Embed App Extensions";
			runOnlyForDeploymentPostprocessing = 0;
		};
		C503C910248D252600A00FFB /* Embed Watch Content */ = {
			isa = PBXCopyFilesBuildPhase;
			buildActionMask = 2147483647;
			dstPath = "$(CONTENTS_FOLDER_PATH)/Watch";
			dstSubfolderSpec = 16;
			files = (
				C503C8E3248D252500A00FFB /* WatchOs-Test1 WatchKit App.app in Embed Watch Content */,
			);
			name = "Embed Watch Content";
			runOnlyForDeploymentPostprocessing = 0;
		};
/* End PBXCopyFilesBuildPhase section */

/* Begin PBXFileReference section */
		C503C8DE248D252500A00FFB /* WatchOs-Test1.app */ = {isa = PBXFileReference; explicitFileType = wrapper.application; includeInIndex = 0; path = "WatchOs-Test1.app"; sourceTree = BUILT_PRODUCTS_DIR; };
		C503C8E2248D252500A00FFB /* WatchOs-Test1 WatchKit App.app */ = {isa = PBXFileReference; explicitFileType = wrapper.application; includeInIndex = 0; path = "WatchOs-Test1 WatchKit App.app"; sourceTree = BUILT_PRODUCTS_DIR; };
		C503C8E8248D252500A00FFB /* Base */ = {isa = PBXFileReference; lastKnownFileType = file.storyboard; name = Base; path = Base.lproj/Interface.storyboard; sourceTree = "<group>"; };
		C503C8EA248D252600A00FFB /* Assets.xcassets */ = {isa = PBXFileReference; lastKnownFileType = folder.assetcatalog; path = Assets.xcassets; sourceTree = "<group>"; };
		C503C8EC248D252600A00FFB /* Info.plist */ = {isa = PBXFileReference; lastKnownFileType = text.plist.xml; path = Info.plist; sourceTree = "<group>"; };
		C503C8F1248D252600A00FFB /* WatchOs-Test1 WatchKit Extension.appex */ = {isa = PBXFileReference; explicitFileType = "wrapper.app-extension"; includeInIndex = 0; path = "WatchOs-Test1 WatchKit Extension.appex"; sourceTree = BUILT_PRODUCTS_DIR; };
		C503C8F6248D252600A00FFB /* ContentView.swift */ = {isa = PBXFileReference; lastKnownFileType = sourcecode.swift; path = ContentView.swift; sourceTree = "<group>"; };
		C503C8F8248D252600A00FFB /* HostingController.swift */ = {isa = PBXFileReference; lastKnownFileType = sourcecode.swift; path = HostingController.swift; sourceTree = "<group>"; };
		C503C8FA248D252600A00FFB /* ExtensionDelegate.swift */ = {isa = PBXFileReference; lastKnownFileType = sourcecode.swift; path = ExtensionDelegate.swift; sourceTree = "<group>"; };
		C503C8FC248D252600A00FFB /* NotificationController.swift */ = {isa = PBXFileReference; lastKnownFileType = sourcecode.swift; path = NotificationController.swift; sourceTree = "<group>"; };
		C503C8FE248D252600A00FFB /* NotificationView.swift */ = {isa = PBXFileReference; lastKnownFileType = sourcecode.swift; path = NotificationView.swift; sourceTree = "<group>"; };
		C503C900248D252600A00FFB /* Assets.xcassets */ = {isa = PBXFileReference; lastKnownFileType = folder.assetcatalog; path = Assets.xcassets; sourceTree = "<group>"; };
		C503C903248D252600A00FFB /* Preview Assets.xcassets */ = {isa = PBXFileReference; lastKnownFileType = folder.assetcatalog; path = "Preview Assets.xcassets"; sourceTree = "<group>"; };
		C503C905248D252600A00FFB /* Info.plist */ = {isa = PBXFileReference; lastKnownFileType = text.plist.xml; path = Info.plist; sourceTree = "<group>"; };
		C503C906248D252600A00FFB /* PushNotificationPayload.apns */ = {isa = PBXFileReference; lastKnownFileType = text; path = PushNotificationPayload.apns; sourceTree = "<group>"; };
/* End PBXFileReference section */

/* Begin PBXFrameworksBuildPhase section */
		C503C8EE248D252600A00FFB /* Frameworks */ = {
			isa = PBXFrameworksBuildPhase;
			buildActionMask = 2147483647;
			files = (
			);
			runOnlyForDeploymentPostprocessing = 0;
		};
/* End PBXFrameworksBuildPhase section */

/* Begin PBXGroup section */
		C503C8D7248D252500A00FFB = {
			isa = PBXGroup;
			children = (
				C503C8E6248D252500A00FFB /* WatchOs-Test1 WatchKit App */,
				C503C8F5248D252600A00FFB /* WatchOs-Test1 WatchKit Extension */,
				C503C8DF248D252500A00FFB /* Products */,
			);
			sourceTree = "<group>";
		};
		C503C8DF248D252500A00FFB /* Products */ = {
			isa = PBXGroup;
			children = (
				C503C8DE248D252500A00FFB /* WatchOs-Test1.app */,
				C503C8E2248D252500A00FFB /* WatchOs-Test1 WatchKit App.app */,
				C503C8F1248D252600A00FFB /* WatchOs-Test1 WatchKit Extension.appex */,
			);
			name = Products;
			sourceTree = "<group>";
		};
		C503C8E6248D252500A00FFB /* WatchOs-Test1 WatchKit App */ = {
			isa = PBXGroup;
			children = (
				C503C8E7248D252500A00FFB /* Interface.storyboard */,
				C503C8EA248D252600A00FFB /* Assets.xcassets */,
				C503C8EC248D252600A00FFB /* Info.plist */,
			);
			path = "WatchOs-Test1 WatchKit App";
			sourceTree = "<group>";
		};
		C503C8F5248D252600A00FFB /* WatchOs-Test1 WatchKit Extension */ = {
			isa = PBXGroup;
			children = (
				C503C8F6248D252600A00FFB /* ContentView.swift */,
				C503C8F8248D252600A00FFB /* HostingController.swift */,
				C503C8FA248D252600A00FFB /* ExtensionDelegate.swift */,
				C503C8FC248D252600A00FFB /* NotificationController.swift */,
				C503C8FE248D252600A00FFB /* NotificationView.swift */,
				C503C900248D252600A00FFB /* Assets.xcassets */,
				C503C905248D252600A00FFB /* Info.plist */,
				C503C906248D252600A00FFB /* PushNotificationPayload.apns */,
				C503C902248D252600A00FFB /* Preview Content */,
			);
			path = "WatchOs-Test1 WatchKit Extension";
			sourceTree = "<group>";
		};
		C503C902248D252600A00FFB /* Preview Content */ = {
			isa = PBXGroup;
			children = (
				C503C903248D252600A00FFB /* Preview Assets.xcassets */,
			);
			path = "Preview Content";
			sourceTree = "<group>";
		};
/* End PBXGroup section */

/* Begin PBXNativeTarget section */
		C503C8DD248D252500A00FFB /* WatchOs-Test1 */ = {
			isa = PBXNativeTarget;
			buildConfigurationList = C503C911248D252600A00FFB /* Build configuration list for PBXNativeTarget "WatchOs-Test1" */;
			buildPhases = (
				C503C8DC248D252500A00FFB /* Resources */,
				C503C910248D252600A00FFB /* Embed Watch Content */,
			);
			buildRules = (
			);
			dependencies = (
				C503C8E5248D252500A00FFB /* PBXTargetDependency */,
			);
			name = "WatchOs-Test1";
			productName = "WatchOs-Test1";
			productReference = C503C8DE248D252500A00FFB /* WatchOs-Test1.app */;
			productType = "com.apple.product-type.application.watchapp2-container";
		};
		C503C8E1248D252500A00FFB /* WatchOs-Test1 WatchKit App */ = {
			isa = PBXNativeTarget;
			buildConfigurationList = C503C90D248D252600A00FFB /* Build configuration list for PBXNativeTarget "WatchOs-Test1 WatchKit App" */;
			buildPhases = (
				C503C8E0248D252500A00FFB /* Resources */,
				C503C90C248D252600A00FFB /* Embed App Extensions */,
			);
			buildRules = (
			);
			dependencies = (
				C503C8F4248D252600A00FFB /* PBXTargetDependency */,
			);
			name = "WatchOs-Test1 WatchKit App";
			productName = "WatchOs-Test1 WatchKit App";
			productReference = C503C8E2248D252500A00FFB /* WatchOs-Test1 WatchKit App.app */;
			productType = "com.apple.product-type.application.watchapp2";
		};
		C503C8F0248D252600A00FFB /* WatchOs-Test1 WatchKit Extension */ = {
			isa = PBXNativeTarget;
			buildConfigurationList = C503C909248D252600A00FFB /* Build configuration list for PBXNativeTarget "WatchOs-Test1 WatchKit Extension" */;
			buildPhases = (
				C503C8ED248D252600A00FFB /* Sources */,
				C503C8EE248D252600A00FFB /* Frameworks */,
				C503C8EF248D252600A00FFB /* Resources */,
			);
			buildRules = (
			);
			dependencies = (
			);
			name = "WatchOs-Test1 WatchKit Extension";
			productName = "WatchOs-Test1 WatchKit Extension";
			productReference = C503C8F1248D252600A00FFB /* WatchOs-Test1 WatchKit Extension.appex */;
			productType = "com.apple.product-type.watchkit2-extension";
		};
/* End PBXNativeTarget section */

/* Begin PBXProject section */
		C503C8D8248D252500A00FFB /* Project object */ = {
			isa = PBXProject;
			attributes = {
				LastSwiftUpdateCheck = 1150;
				LastUpgradeCheck = 1150;
				ORGANIZATIONNAME = "Olaf Neumann";
				TargetAttributes = {
					C503C8DD248D252500A00FFB = {
						CreatedOnToolsVersion = 11.5;
					};
					C503C8E1248D252500A00FFB = {
						CreatedOnToolsVersion = 11.5;
					};
					C503C8F0248D252600A00FFB = {
						CreatedOnToolsVersion = 11.5;
					};
				};
			};
			buildConfigurationList = C503C8DB248D252500A00FFB /* Build configuration list for PBXProject "WatchOs-Test1" */;
			compatibilityVersion = "Xcode 9.3";
			developmentRegion = en;
			hasScannedForEncodings = 0;
			knownRegions = (
				en,
				Base,
			);
			mainGroup = C503C8D7248D252500A00FFB;
			productRefGroup = C503C8DF248D252500A00FFB /* Products */;
			projectDirPath = "";
			projectRoot = "";
			targets = (
				C503C8DD248D252500A00FFB /* WatchOs-Test1 */,
				C503C8E1248D252500A00FFB /* WatchOs-Test1 WatchKit App */,
				C503C8F0248D252600A00FFB /* WatchOs-Test1 WatchKit Extension */,
			);
		};
/* End PBXProject section */

/* Begin PBXResourcesBuildPhase section */
		C503C8DC248D252500A00FFB /* Resources */ = {
			isa = PBXResourcesBuildPhase;
			buildActionMask = 2147483647;
			files = (
			);
			runOnlyForDeploymentPostprocessing = 0;
		};
		C503C8E0248D252500A00FFB /* Resources */ = {
			isa = PBXResourcesBuildPhase;
			buildActionMask = 2147483647;
			files = (
				C503C8EB248D252600A00FFB /* Assets.xcassets in Resources */,
				C503C8E9248D252500A00FFB /* Interface.storyboard in Resources */,
			);
			runOnlyForDeploymentPostprocessing = 0;
		};
		C503C8EF248D252600A00FFB /* Resources */ = {
			isa = PBXResourcesBuildPhase;
			buildActionMask = 2147483647;
			files = (
				C503C904248D252600A00FFB /* Preview Assets.xcassets in Resources */,
				C503C901248D252600A00FFB /* Assets.xcassets in Resources */,
			);
			runOnlyForDeploymentPostprocessing = 0;
		};
/* End PBXResourcesBuildPhase section */

/* Begin PBXSourcesBuildPhase section */
		C503C8ED248D252600A00FFB /* Sources */ = {
			isa = PBXSourcesBuildPhase;
			buildActionMask = 2147483647;
			files = (
				C503C8F9248D252600A00FFB /* HostingController.swift in Sources */,
				C503C8F7248D252600A00FFB /* ContentView.swift in Sources */,
				C503C8FD248D252600A00FFB /* NotificationController.swift in Sources */,
				C503C8FB248D252600A00FFB /* ExtensionDelegate.swift in Sources */,
				C503C8FF248D252600A00FFB /* NotificationView.swift in Sources */,
			);
			runOnlyForDeploymentPostprocessing = 0;
		};
/* End PBXSourcesBuildPhase section */

/* Begin PBXTargetDependency section */
		C503C8E5248D252500A00FFB /* PBXTargetDependency */ = {
			isa = PBXTargetDependency;
			target = C503C8E1248D252500A00FFB /* WatchOs-Test1 WatchKit App */;
			targetProxy = C503C8E4248D252500A00FFB /* PBXContainerItemProxy */;
		};
		C503C8F4248D252600A00FFB /* PBXTargetDependency */ = {
			isa = PBXTargetDependency;
			target = C503C8F0248D252600A00FFB /* WatchOs-Test1 WatchKit Extension */;
			targetProxy = C503C8F3248D252600A00FFB /* PBXContainerItemProxy */;
		};
/* End PBXTargetDependency section */

/* Begin PBXVariantGroup section */
		C503C8E7248D252500A00FFB /* Interface.storyboard */ = {
			isa = PBXVariantGroup;
			children = (
				C503C8E8248D252500A00FFB /* Base */,
			);
			name = Interface.storyboard;
			sourceTree = "<group>";
		};
/* End PBXVariantGroup section */

/* Begin XCBuildConfiguration section */
		C503C907248D252600A00FFB /* Debug */ = {
			isa = XCBuildConfiguration;
			buildSettings = {
				ALWAYS_SEARCH_USER_PATHS = NO;
				CLANG_ANALYZER_NONNULL = YES;
				CLANG_ANALYZER_NUMBER_OBJECT_CONVERSION = YES_AGGRESSIVE;
				CLANG_CXX_LANGUAGE_STANDARD = "gnu++14";
				CLANG_CXX_LIBRARY = "libc++";
				CLANG_ENABLE_MODULES = YES;
				CLANG_ENABLE_OBJC_ARC = YES;
				CLANG_ENABLE_OBJC_WEAK = YES;
				CLANG_WARN_BLOCK_CAPTURE_AUTORELEASING = YES;
				CLANG_WARN_BOOL_CONVERSION = YES;
				CLANG_WARN_COMMA = YES;
				CLANG_WARN_CONSTANT_CONVERSION = YES;
				CLANG_WARN_DEPRECATED_OBJC_IMPLEMENTATIONS = YES;
				CLANG_WARN_DIRECT_OBJC_ISA_USAGE = YES_ERROR;
				CLANG_WARN_DOCUMENTATION_COMMENTS = YES;
				CLANG_WARN_EMPTY_BODY = YES;
				CLANG_WARN_ENUM_CONVERSION = YES;
				CLANG_WARN_INFINITE_RECURSION = YES;
				CLANG_WARN_INT_CONVERSION = YES;
				CLANG_WARN_NON_LITERAL_NULL_CONVERSION = YES;
				CLANG_WARN_OBJC_IMPLICIT_RETAIN_SELF = YES;
				CLANG_WARN_OBJC_LITERAL_CONVERSION = YES;
				CLANG_WARN_OBJC_ROOT_CLASS = YES_ERROR;
				CLANG_WARN_RANGE_LOOP_ANALYSIS = YES;
				CLANG_WARN_STRICT_PROTOTYPES = YES;
				CLANG_WARN_SUSPICIOUS_MOVE = YES;
				CLANG_WARN_UNGUARDED_AVAILABILITY = YES_AGGRESSIVE;
				CLANG_WARN_UNREACHABLE_CODE = YES;
				CLANG_WARN__DUPLICATE_METHOD_MATCH = YES;
				COPY_PHASE_STRIP = NO;
				DEBUG_INFORMATION_FORMAT = dwarf;
				ENABLE_STRICT_OBJC_MSGSEND = YES;
				ENABLE_TESTABILITY = YES;
				GCC_C_LANGUAGE_STANDARD = gnu11;
				GCC_DYNAMIC_NO_PIC = NO;
				GCC_NO_COMMON_BLOCKS = YES;
				GCC_OPTIMIZATION_LEVEL = 0;
				GCC_PREPROCESSOR_DEFINITIONS = (
					"DEBUG=1",
					"$(inherited)",
				);
				GCC_WARN_64_TO_32_BIT_CONVERSION = YES;
				GCC_WARN_ABOUT_RETURN_TYPE = YES_ERROR;
				GCC_WARN_UNDECLARED_SELECTOR = YES;
				GCC_WARN_UNINITIALIZED_AUTOS = YES_AGGRESSIVE;
				GCC_WARN_UNUSED_FUNCTION = YES;
				GCC_WARN_UNUSED_VARIABLE = YES;
				MTL_ENABLE_DEBUG_INFO = INCLUDE_SOURCE;
				MTL_FAST_MATH = YES;
				ONLY_ACTIVE_ARCH = YES;
				SDKROOT = iphoneos;
				SWIFT_ACTIVE_COMPILATION_CONDITIONS = DEBUG;
				SWIFT_OPTIMIZATION_LEVEL = "-Onone";
			};
			name = Debug;
		};
		C503C908248D252600A00FFB /* Release */ = {
			isa = XCBuildConfiguration;
			buildSettings = {
				ALWAYS_SEARCH_USER_PATHS = NO;
				CLANG_ANALYZER_NONNULL = YES;
				CLANG_ANALYZER_NUMBER_OBJECT_CONVERSION = YES_AGGRESSIVE;
				CLANG_CXX_LANGUAGE_STANDARD = "gnu++14";
				CLANG_CXX_LIBRARY = "libc++";
				CLANG_ENABLE_MODULES = YES;
				CLANG_ENABLE_OBJC_ARC = YES;
				CLANG_ENABLE_OBJC_WEAK = YES;
				CLANG_WARN_BLOCK_CAPTURE_AUTORELEASING = YES;
				CLANG_WARN_BOOL_CONVERSION = YES;
				CLANG_WARN_COMMA = YES;
				CLANG_WARN_CONSTANT_CONVERSION = YES;
				CLANG_WARN_DEPRECATED_OBJC_IMPLEMENTATIONS = YES;
				CLANG_WARN_DIRECT_OBJC_ISA_USAGE = YES_ERROR;
				CLANG_WARN_DOCUMENTATION_COMMENTS = YES;
				CLANG_WARN_EMPTY_BODY = YES;
				CLANG_WARN_ENUM_CONVERSION = YES;
				CLANG_WARN_INFINITE_RECURSION = YES;
				CLANG_WARN_INT_CONVERSION = YES;
				CLANG_WARN_NON_LITERAL_NULL_CONVERSION = YES;
				CLANG_WARN_OBJC_IMPLICIT_RETAIN_SELF = YES;
				CLANG_WARN_OBJC_LITERAL_CONVERSION = YES;
				CLANG_WARN_OBJC_ROOT_CLASS = YES_ERROR;
				CLANG_WARN_RANGE_LOOP_ANALYSIS = YES;
				CLANG_WARN_STRICT_PROTOTYPES = YES;
				CLANG_WARN_SUSPICIOUS_MOVE = YES;
				CLANG_WARN_UNGUARDED_AVAILABILITY = YES_AGGRESSIVE;
				CLANG_WARN_UNREACHABLE_CODE = YES;
				CLANG_WARN__DUPLICATE_METHOD_MATCH = YES;
				COPY_PHASE_STRIP = NO;
				DEBUG_INFORMATION_FORMAT = "dwarf-with-dsym";
				ENABLE_NS_ASSERTIONS = NO;
				ENABLE_STRICT_OBJC_MSGSEND = YES;
				GCC_C_LANGUAGE_STANDARD = gnu11;
				GCC_NO_COMMON_BLOCKS = YES;
				GCC_WARN_64_TO_32_BIT_CONVERSION = YES;
				GCC_WARN_ABOUT_RETURN_TYPE = YES_ERROR;
				GCC_WARN_UNDECLARED_SELECTOR = YES;
				GCC_WARN_UNINITIALIZED_AUTOS = YES_AGGRESSIVE;
				GCC_WARN_UNUSED_FUNCTION = YES;
				GCC_WARN_UNUSED_VARIABLE = YES;
				MTL_ENABLE_DEBUG_INFO = NO;
				MTL_FAST_MATH = YES;
				SDKROOT = iphoneos;
				SWIFT_COMPILATION_MODE = wholemodule;
				SWIFT_OPTIMIZATION_LEVEL = "-O";
				VALIDATE_PRODUCT = YES;
			};
			name = Release;
		};
		C503C90A248D252600A00FFB /* Debug */ = {
			isa = XCBuildConfiguration;
			buildSettings = {
				ASSETCATALOG_COMPILER_COMPLICATION_NAME = Complication;
				CODE_SIGN_STYLE = Automatic;
				DEVELOPMENT_ASSET_PATHS = "\"WatchOs-Test1 WatchKit Extension/Preview Content\"";
				DEVELOPMENT_TEAM = NBA2M3HYSW;
				ENABLE_PREVIEWS = YES;
				INFOPLIST_FILE = "WatchOs-Test1 WatchKit Extension/Info.plist";
				LD_RUNPATH_SEARCH_PATHS = (
					"$(inherited)",
					"@executable_path/Frameworks",
					"@executable_path/../../Frameworks",
				);
				PRODUCT_BUNDLE_IDENTIFIER = "com.fresh-straw.watchos.test1.WatchOs-Test1.watchkitapp.watchkitextension";
				PRODUCT_NAME = "${TARGET_NAME}";
				SDKROOT = watchos;
				SKIP_INSTALL = YES;
				SWIFT_VERSION = 5.0;
				TARGETED_DEVICE_FAMILY = 4;
				WATCHOS_DEPLOYMENT_TARGET = 6.2;
			};
			name = Debug;
		};
		C503C90B248D252600A00FFB /* Release */ = {
			isa = XCBuildConfiguration;
			buildSettings = {
				ASSETCATALOG_COMPILER_COMPLICATION_NAME = Complication;
				CODE_SIGN_STYLE = Automatic;
				DEVELOPMENT_ASSET_PATHS = "\"WatchOs-Test1 WatchKit Extension/Preview Content\"";
				DEVELOPMENT_TEAM = NBA2M3HYSW;
				ENABLE_PREVIEWS = YES;
				INFOPLIST_FILE = "WatchOs-Test1 WatchKit Extension/Info.plist";
				LD_RUNPATH_SEARCH_PATHS = (
					"$(inherited)",
					"@executable_path/Frameworks",
					"@executable_path/../../Frameworks",
				);
				PRODUCT_BUNDLE_IDENTIFIER = "com.fresh-straw.watchos.test1.WatchOs-Test1.watchkitapp.watchkitextension";
				PRODUCT_NAME = "${TARGET_NAME}";
				SDKROOT = watchos;
				SKIP_INSTALL = YES;
				SWIFT_VERSION = 5.0;
				TARGETED_DEVICE_FAMILY = 4;
				WATCHOS_DEPLOYMENT_TARGET = 6.2;
			};
			name = Release;
		};
		C503C90E248D252600A00FFB /* Debug */ = {
			isa = XCBuildConfiguration;
			buildSettings = {
				ALWAYS_EMBED_SWIFT_STANDARD_LIBRARIES = YES;
				ASSETCATALOG_COMPILER_APPICON_NAME = AppIcon;
				CODE_SIGN_STYLE = Automatic;
				DEVELOPMENT_TEAM = NBA2M3HYSW;
				IBSC_MODULE = WatchOs_Test1_WatchKit_Extension;
				INFOPLIST_FILE = "WatchOs-Test1 WatchKit App/Info.plist";
				PRODUCT_BUNDLE_IDENTIFIER = "com.fresh-straw.watchos.test1.WatchOs-Test1.watchkitapp";
				PRODUCT_NAME = "$(TARGET_NAME)";
				SDKROOT = watchos;
				SKIP_INSTALL = YES;
				SWIFT_VERSION = 5.0;
				TARGETED_DEVICE_FAMILY = 4;
				WATCHOS_DEPLOYMENT_TARGET = 6.2;
			};
			name = Debug;
		};
		C503C90F248D252600A00FFB /* Release */ = {
			isa = XCBuildConfiguration;
			buildSettings = {
				ALWAYS_EMBED_SWIFT_STANDARD_LIBRARIES = YES;
				ASSETCATALOG_COMPILER_APPICON_NAME = AppIcon;
				CODE_SIGN_STYLE = Automatic;
				DEVELOPMENT_TEAM = NBA2M3HYSW;
				IBSC_MODULE = WatchOs_Test1_WatchKit_Extension;
				INFOPLIST_FILE = "WatchOs-Test1 WatchKit App/Info.plist";
				PRODUCT_BUNDLE_IDENTIFIER = "com.fresh-straw.watchos.test1.WatchOs-Test1.watchkitapp";
				PRODUCT_NAME = "$(TARGET_NAME)";
				SDKROOT = watchos;
				SKIP_INSTALL = YES;
				SWIFT_VERSION = 5.0;
				TARGETED_DEVICE_FAMILY = 4;
				WATCHOS_DEPLOYMENT_TARGET = 6.2;
			};
			name = Release;
		};
		C503C912248D252600A00FFB /* Debug */ = {
			isa = XCBuildConfiguration;
			buildSettings = {
				CODE_SIGN_STYLE = Automatic;
				CURRENT_PROJECT_VERSION = 1;
				DEVELOPMENT_TEAM = NBA2M3HYSW;
				MARKETING_VERSION = 1.0;
				PRODUCT_BUNDLE_IDENTIFIER = "com.fresh-straw.watchos.test1.WatchOs-Test1";
				PRODUCT_NAME = "$(TARGET_NAME)";
				SWIFT_VERSION = 5.0;
			};
			name = Debug;
		};
		C503C913248D252600A00FFB /* Release */ = {
			isa = XCBuildConfiguration;
			buildSettings = {
				CODE_SIGN_STYLE = Automatic;
				CURRENT_PROJECT_VERSION = 1;
				DEVELOPMENT_TEAM = NBA2M3HYSW;
				MARKETING_VERSION = 1.0;
				PRODUCT_BUNDLE_IDENTIFIER = "com.fresh-straw.watchos.test1.WatchOs-Test1";
				PRODUCT_NAME = "$(TARGET_NAME)";
				SWIFT_VERSION = 5.0;
			};
			name = Release;
		};
/* End XCBuildConfiguration section */

/* Begin XCConfigurationList section */
		C503C8DB248D252500A00FFB /* Build configuration list for PBXProject "WatchOs-Test1" */ = {
			isa = XCConfigurationList;
			buildConfigurations = (
				C503C907248D252600A00FFB /* Debug */,
				C503C908248D252600A00FFB /* Release */,
			);
			defaultConfigurationIsVisible = 0;
			defaultConfigurationName = Release;
		};
		C503C909248D252600A00FFB /* Build configuration list for PBXNativeTarget "WatchOs-Test1 WatchKit Extension" */ = {
			isa = XCConfigurationList;
			buildConfigurations = (
				C503C90A248D252600A00FFB /* Debug */,
				C503C90B248D252600A00FFB /* Release */,
			);
			defaultConfigurationIsVisible = 0;
			defaultConfigurationName = Release;
		};
		C503C90D248D252600A00FFB /* Build configuration list for PBXNativeTarget "WatchOs-Test1 WatchKit App" */ = {
			isa = XCConfigurationList;
			buildConfigurations = (
				C503C90E248D252600A00FFB /* Debug */,
				C503C90F248D252600A00FFB /* Release */,
			);
			defaultConfigurationIsVisible = 0;
			defaultConfigurationName = Release;
		};
		C503C911248D252600A00FFB /* Build configuration list for PBXNativeTarget "WatchOs-Test1" */ = {
			isa = XCConfigurationList;
			buildConfigurations = (
				C503C912248D252600A00FFB /* Debug */,
				C503C913248D252600A00FFB /* Release */,
			);
			defaultConfigurationIsVisible = 0;
			defaultConfigurationName = Release;
		};
/* End XCConfigurationList section */
	};
	rootObject = C503C8D8248D252500A00FFB /* Project object */;
}
